
Microsoft Visual Studio Solution File, Format Version 12.00
# Visual Studio Version 16
VisualStudioVersion = 16.0.31729.503
MinimumVisualStudioVersion = 10.0.40219.1
Project("{9A19103F-16F7-4668-BE54-9A1E7A4F7556}") = "lesson-1", "lesson-1\lesson-1.csproj", "{E0CD3F41-6F43-450D-8EA0-B01601ED0E8C}"
EndProject
Project("{9A19103F-16F7-4668-BE54-9A1E7A4F7556}") = "lesson-1.2", "lesson-1.2\lesson-1.2.csproj", "{4D0B1002-D20A-4A6B-9873-DF522D491CAF}"
EndProject
Project("{9A19103F-16F7-4668-BE54-9A1E7A4F7556}") = "lesson-1.3", "lesson-1.3\lesson-1.3.csproj", "{AA08DD0A-DF77-4386-9A90-7EA186C8D969}"
EndProject
Project("{FAE04EC0-301F-11D3-BF4B-00C04F79EFBC}") = "lesson-2", "lesson-2\lesson-2.csproj", "{4D8AF41F-A7DA-4867-AE30-138CF653020D}"
EndProject
Global
	GlobalSection(SolutionConfigurationPlatforms) = preSolution
		Debug|Any CPU = Debug|Any CPU
		Release|Any CPU = Release|Any CPU
	EndGlobalSection
	GlobalSection(ProjectConfigurationPlatforms) = postSolution
		{E0CD3F41-6F43-450D-8EA0-B01601ED0E8C}.Debug|Any CPU.ActiveCfg = Debug|Any CPU
		{E0CD3F41-6F43-450D-8EA0-B01601ED0E8C}.Debug|Any CPU.Build.0 = Debug|Any CPU
		{E0CD3F41-6F43-450D-8EA0-B01601ED0E8C}.Release|Any CPU.ActiveCfg = Release|Any CPU
		{E0CD3F41-6F43-450D-8EA0-B01601ED0E8C}.Release|Any CPU.Build.0 = Release|Any CPU
		{4D0B1002-D20A-4A6B-9873-DF522D491CAF}.Debug|Any CPU.ActiveCfg = Debug|Any CPU
		{4D0B1002-D20A-4A6B-9873-DF522D491CAF}.Debug|Any CPU.Build.0 = Debug|Any CPU
		{4D0B1002-D20A-4A6B-9873-DF522D491CAF}.Release|Any CPU.ActiveCfg = Release|Any CPU
		{4D0B1002-D20A-4A6B-9873-DF522D491CAF}.Release|Any CPU.Build.0 = Release|Any CPU
		{AA08DD0A-DF77-4386-9A90-7EA186C8D969}.Debug|Any CPU.ActiveCfg = Debug|Any CPU
		{AA08DD0A-DF77-4386-9A90-7EA186C8D969}.Debug|Any CPU.Build.0 = Debug|Any CPU
		{AA08DD0A-DF77-4386-9A90-7EA186C8D969}.Release|Any CPU.ActiveCfg = Release|Any CPU
		{AA08DD0A-DF77-4386-9A90-7EA186C8D969}.Release|Any CPU.Build.0 = Release|Any CPU
		{4D8AF41F-A7DA-4867-AE30-138CF653020D}.Debug|Any CPU.ActiveCfg = Debug|Any CPU
		{4D8AF41F-A7DA-4867-AE30-138CF653020D}.Debug|Any CPU.Build.0 = Debug|Any CPU
		{4D8AF41F-A7DA-4867-AE30-138CF653020D}.Release|Any CPU.ActiveCfg = Release|Any CPU
		{4D8AF41F-A7DA-4867-AE30-138CF653020D}.Release|Any CPU.Build.0 = Release|Any CPU
	EndGlobalSection
	GlobalSection(SolutionProperties) = preSolution
		HideSolutionNode = FALSE
	EndGlobalSection
	GlobalSection(ExtensibilityGlobals) = postSolution
		SolutionGuid = {BF83D004-DF22-497A-844D-3EB0F9F73AB8}
	EndGlobalSection
EndGlobal
